
Microsoft Visual Studio Solution File, Format Version 12.00
# Visual Studio Version 16
VisualStudioVersion = 16.0.29021.104
MinimumVisualStudioVersion = 10.0.40219.1
Project("{9A19103F-16F7-4668-BE54-9A1E7A4F7556}") = "TaxiGestion", "TaxiGestion\TaxiGestion.csproj", "{228A0D89-8B04-4AB8-B1CB-8F99BD46530F}"
EndProject
Project("{9A19103F-16F7-4668-BE54-9A1E7A4F7556}") = "TaxiGestionUnit", "TaxiGestionUnit\TaxiGestionUnit.csproj", "{80C60380-E28A-4BE9-9138-6DDE7EA07166}"
EndProject
Global
	GlobalSection(SolutionConfigurationPlatforms) = preSolution
		Debug|Any CPU = Debug|Any CPU
		Debug|x64 = Debug|x64
		Release|Any CPU = Release|Any CPU
		Release|x64 = Release|x64
	EndGlobalSection
	GlobalSection(ProjectConfigurationPlatforms) = postSolution
		{228A0D89-8B04-4AB8-B1CB-8F99BD46530F}.Debug|Any CPU.ActiveCfg = Debug|Any CPU
		{228A0D89-8B04-4AB8-B1CB-8F99BD46530F}.Debug|Any CPU.Build.0 = Debug|Any CPU
		{228A0D89-8B04-4AB8-B1CB-8F99BD46530F}.Debug|x64.ActiveCfg = Debug|x64
		{228A0D89-8B04-4AB8-B1CB-8F99BD46530F}.Debug|x64.Build.0 = Debug|x64
		{228A0D89-8B04-4AB8-B1CB-8F99BD46530F}.Release|Any CPU.ActiveCfg = Debug|Any CPU
		{228A0D89-8B04-4AB8-B1CB-8F99BD46530F}.Release|Any CPU.Build.0 = Debug|Any CPU
		{228A0D89-8B04-4AB8-B1CB-8F99BD46530F}.Release|x64.ActiveCfg = Debug|x64
		{228A0D89-8B04-4AB8-B1CB-8F99BD46530F}.Release|x64.Build.0 = Debug|x64
		{80C60380-E28A-4BE9-9138-6DDE7EA07166}.Debug|Any CPU.ActiveCfg = Debug|x64
		{80C60380-E28A-4BE9-9138-6DDE7EA07166}.Debug|x64.ActiveCfg = Debug|x64
		{80C60380-E28A-4BE9-9138-6DDE7EA07166}.Debug|x64.Build.0 = Debug|x64
		{80C60380-E28A-4BE9-9138-6DDE7EA07166}.Release|Any CPU.ActiveCfg = Debug|x64
		{80C60380-E28A-4BE9-9138-6DDE7EA07166}.Release|x64.ActiveCfg = Debug|x64
		{80C60380-E28A-4BE9-9138-6DDE7EA07166}.Release|x64.Build.0 = Debug|x64
	EndGlobalSection
	GlobalSection(SolutionProperties) = preSolution
		HideSolutionNode = FALSE
	EndGlobalSection
	GlobalSection(ExtensibilityGlobals) = postSolution
		SolutionGuid = {2ABCEED5-A2A9-4A7D-835C-D7616DF11B5F}
	EndGlobalSection
EndGlobal
